
Microsoft Visual Studio Solution File, Format Version 12.00
# Visual Studio Version 17
VisualStudioVersion = 17.14.36203.30 d17.14
MinimumVisualStudioVersion = 10.0.40219.1
Project("{FAE04EC0-301F-11D3-BF4B-00C04F79EFBC}") = "QuizHub.Core", "QuizHub.Core\QuizHub.Core.csproj", "{B6477148-CECD-4CA7-BB5B-B8F320A1C89C}"
EndProject
Project("{FAE04EC0-301F-11D3-BF4B-00C04F79EFBC}") = "QuizHub.Infrastructure", "QuizHub.Infrastructure\QuizHub.Infrastructure.csproj", "{DBDE700E-EFEE-40C9-AA5F-E17242146A62}"
EndProject
Project("{FAE04EC0-301F-11D3-BF4B-00C04F79EFBC}") = "QuizHub.Application", "QuizHub.Application\QuizHub.Application.csproj", "{A3C71F2F-D699-4CB8-A3E3-2E887CD169D3}"
EndProject
Project("{FAE04EC0-301F-11D3-BF4B-00C04F79EFBC}") = "QuizHub.Api", "QuizHub.Api\QuizHub.Api.csproj", "{A6241422-E4B1-4108-8379-995965061EF0}"
EndProject
Global
	GlobalSection(SolutionConfigurationPlatforms) = preSolution
		Debug|Any CPU = Debug|Any CPU
		Release|Any CPU = Release|Any CPU
	EndGlobalSection
	GlobalSection(ProjectConfigurationPlatforms) = postSolution
		{B6477148-CECD-4CA7-BB5B-B8F320A1C89C}.Debug|Any CPU.ActiveCfg = Debug|Any CPU
		{B6477148-CECD-4CA7-BB5B-B8F320A1C89C}.Debug|Any CPU.Build.0 = Debug|Any CPU
		{B6477148-CECD-4CA7-BB5B-B8F320A1C89C}.Release|Any CPU.ActiveCfg = Release|Any CPU
		{B6477148-CECD-4CA7-BB5B-B8F320A1C89C}.Release|Any CPU.Build.0 = Release|Any CPU
		{DBDE700E-EFEE-40C9-AA5F-E17242146A62}.Debug|Any CPU.ActiveCfg = Debug|Any CPU
		{DBDE700E-EFEE-40C9-AA5F-E17242146A62}.Debug|Any CPU.Build.0 = Debug|Any CPU
		{DBDE700E-EFEE-40C9-AA5F-E17242146A62}.Release|Any CPU.ActiveCfg = Release|Any CPU
		{DBDE700E-EFEE-40C9-AA5F-E17242146A62}.Release|Any CPU.Build.0 = Release|Any CPU
		{A3C71F2F-D699-4CB8-A3E3-2E887CD169D3}.Debug|Any CPU.ActiveCfg = Debug|Any CPU
		{A3C71F2F-D699-4CB8-A3E3-2E887CD169D3}.Debug|Any CPU.Build.0 = Debug|Any CPU
		{A3C71F2F-D699-4CB8-A3E3-2E887CD169D3}.Release|Any CPU.ActiveCfg = Release|Any CPU
		{A3C71F2F-D699-4CB8-A3E3-2E887CD169D3}.Release|Any CPU.Build.0 = Release|Any CPU
		{A6241422-E4B1-4108-8379-995965061EF0}.Debug|Any CPU.ActiveCfg = Debug|Any CPU
		{A6241422-E4B1-4108-8379-995965061EF0}.Debug|Any CPU.Build.0 = Debug|Any CPU
		{A6241422-E4B1-4108-8379-995965061EF0}.Release|Any CPU.ActiveCfg = Release|Any CPU
		{A6241422-E4B1-4108-8379-995965061EF0}.Release|Any CPU.Build.0 = Release|Any CPU
	EndGlobalSection
	GlobalSection(SolutionProperties) = preSolution
		HideSolutionNode = FALSE
	EndGlobalSection
	GlobalSection(ExtensibilityGlobals) = postSolution
		SolutionGuid = {F38BBBC6-CAE6-43A2-8969-0F856649B87F}
	EndGlobalSection
EndGlobal
